
Microsoft Visual Studio Solution File, Format Version 12.00
# Visual Studio Version 17
VisualStudioVersion = 17.5.002.0
MinimumVisualStudioVersion = 10.0.40219.1
Project("{2150E333-8FDC-42A3-9474-1A3956D46DE8}") = "lib", "lib", "{6E650267-DE95-48A6-BB29-202D6F2B757A}"
EndProject
Project("{2150E333-8FDC-42A3-9474-1A3956D46DE8}") = "lufa", "lufa", "{53D910F3-A060-4496-A896-5BA7C00F0391}"
EndProject
Project("{2150E333-8FDC-42A3-9474-1A3956D46DE8}") = "Projects", "Projects", "{195F36EB-E225-4B03-B42C-6B292515AD03}"
EndProject
Project("{2150E333-8FDC-42A3-9474-1A3956D46DE8}") = "LEDNotifier", "LEDNotifier", "{DE093EB3-4644-4A7F-AC92-DE216FD48444}"
EndProject
Project("{9A19103F-16F7-4668-BE54-9A1E7A4F7556}") = "LEDMixer", "lib\lufa\Projects\LEDNotifier\LEDMixerApp\LEDMixer.csproj", "{94DD304A-A650-4506-8EF3-B2D102ABE3D9}"
EndProject
Project("{9A19103F-16F7-4668-BE54-9A1E7A4F7556}") = "CPUMonitor", "lib\lufa\Projects\LEDNotifier\CPUUsageApp\CPUMonitor.csproj", "{AACA71BC-3865-49CB-85D2-7786A8C1616A}"
EndProject
Project("{2150E333-8FDC-42A3-9474-1A3956D46DE8}") = "TempDataLogger", "TempDataLogger", "{455074D0-753C-423F-96CE-134260CE4EE2}"
EndProject
Project("{9A19103F-16F7-4668-BE54-9A1E7A4F7556}") = "TempLoggerHostApp", "lib\lufa\Projects\TempDataLogger\TempLogHostApp\TempLoggerHostApp.csproj", "{B7B16ECE-852F-430A-8779-DD00E3052A24}"
EndProject
Global
	GlobalSection(SolutionConfigurationPlatforms) = preSolution
		Debug|Any CPU = Debug|Any CPU
		Release|Any CPU = Release|Any CPU
	EndGlobalSection
	GlobalSection(ProjectConfigurationPlatforms) = postSolution
		{94DD304A-A650-4506-8EF3-B2D102ABE3D9}.Debug|Any CPU.ActiveCfg = Debug|Any CPU
		{94DD304A-A650-4506-8EF3-B2D102ABE3D9}.Debug|Any CPU.Build.0 = Debug|Any CPU
		{94DD304A-A650-4506-8EF3-B2D102ABE3D9}.Release|Any CPU.ActiveCfg = Release|Any CPU
		{94DD304A-A650-4506-8EF3-B2D102ABE3D9}.Release|Any CPU.Build.0 = Release|Any CPU
		{AACA71BC-3865-49CB-85D2-7786A8C1616A}.Debug|Any CPU.ActiveCfg = Debug|Any CPU
		{AACA71BC-3865-49CB-85D2-7786A8C1616A}.Debug|Any CPU.Build.0 = Debug|Any CPU
		{AACA71BC-3865-49CB-85D2-7786A8C1616A}.Release|Any CPU.ActiveCfg = Release|Any CPU
		{AACA71BC-3865-49CB-85D2-7786A8C1616A}.Release|Any CPU.Build.0 = Release|Any CPU
		{B7B16ECE-852F-430A-8779-DD00E3052A24}.Debug|Any CPU.ActiveCfg = Debug|Any CPU
		{B7B16ECE-852F-430A-8779-DD00E3052A24}.Debug|Any CPU.Build.0 = Debug|Any CPU
		{B7B16ECE-852F-430A-8779-DD00E3052A24}.Release|Any CPU.ActiveCfg = Release|Any CPU
		{B7B16ECE-852F-430A-8779-DD00E3052A24}.Release|Any CPU.Build.0 = Release|Any CPU
	EndGlobalSection
	GlobalSection(SolutionProperties) = preSolution
		HideSolutionNode = FALSE
	EndGlobalSection
	GlobalSection(NestedProjects) = preSolution
		{53D910F3-A060-4496-A896-5BA7C00F0391} = {6E650267-DE95-48A6-BB29-202D6F2B757A}
		{195F36EB-E225-4B03-B42C-6B292515AD03} = {53D910F3-A060-4496-A896-5BA7C00F0391}
		{DE093EB3-4644-4A7F-AC92-DE216FD48444} = {195F36EB-E225-4B03-B42C-6B292515AD03}
		{94DD304A-A650-4506-8EF3-B2D102ABE3D9} = {DE093EB3-4644-4A7F-AC92-DE216FD48444}
		{AACA71BC-3865-49CB-85D2-7786A8C1616A} = {DE093EB3-4644-4A7F-AC92-DE216FD48444}
		{455074D0-753C-423F-96CE-134260CE4EE2} = {195F36EB-E225-4B03-B42C-6B292515AD03}
		{B7B16ECE-852F-430A-8779-DD00E3052A24} = {455074D0-753C-423F-96CE-134260CE4EE2}
	EndGlobalSection
	GlobalSection(ExtensibilityGlobals) = postSolution
		SolutionGuid = {C8B3CF66-34DA-4C9F-A5A7-0FDC940904BB}
	EndGlobalSection
EndGlobal
